
Microsoft Visual Studio Solution File, Format Version 12.00
# Visual Studio Version 17
VisualStudioVersion = 17.10.35013.160
MinimumVisualStudioVersion = 10.0.40219.1
Project("{FAE04EC0-301F-11D3-BF4B-00C04F79EFBC}") = "ServicioWebAPI_Valera", "ServicioWebAPI_Valera\ServicioWebAPI_Valera.csproj", "{63DE0984-E6F1-42C5-A685-1F87539DD906}"
EndProject
Global
	GlobalSection(SolutionConfigurationPlatforms) = preSolution
		Debug|Any CPU = Debug|Any CPU
		Release|Any CPU = Release|Any CPU
	EndGlobalSection
	GlobalSection(ProjectConfigurationPlatforms) = postSolution
		{63DE0984-E6F1-42C5-A685-1F87539DD906}.Debug|Any CPU.ActiveCfg = Debug|Any CPU
		{63DE0984-E6F1-42C5-A685-1F87539DD906}.Debug|Any CPU.Build.0 = Debug|Any CPU
		{63DE0984-E6F1-42C5-A685-1F87539DD906}.Release|Any CPU.ActiveCfg = Release|Any CPU
		{63DE0984-E6F1-42C5-A685-1F87539DD906}.Release|Any CPU.Build.0 = Release|Any CPU
	EndGlobalSection
	GlobalSection(SolutionProperties) = preSolution
		HideSolutionNode = FALSE
	EndGlobalSection
	GlobalSection(ExtensibilityGlobals) = postSolution
		SolutionGuid = {9F1F65CD-C0B9-4AF0-AA9A-74BA02D5D8CC}
	EndGlobalSection
EndGlobal
