
Microsoft Visual Studio Solution File, Format Version 12.00
# Visual Studio Version 17
VisualStudioVersion = 17.10.35013.160
MinimumVisualStudioVersion = 10.0.40219.1
Project("{FAE04EC0-301F-11D3-BF4B-00C04F79EFBC}") = "PrjFinalHerramientas", "PrjFinalHerramientas\PrjFinalHerramientas.csproj", "{AFEACAA5-B5A8-4663-B195-6D2125E0DFDF}"
EndProject
Global
	GlobalSection(SolutionConfigurationPlatforms) = preSolution
		Debug|Any CPU = Debug|Any CPU
		Release|Any CPU = Release|Any CPU
	EndGlobalSection
	GlobalSection(ProjectConfigurationPlatforms) = postSolution
		{AFEACAA5-B5A8-4663-B195-6D2125E0DFDF}.Debug|Any CPU.ActiveCfg = Debug|Any CPU
		{AFEACAA5-B5A8-4663-B195-6D2125E0DFDF}.Debug|Any CPU.Build.0 = Debug|Any CPU
		{AFEACAA5-B5A8-4663-B195-6D2125E0DFDF}.Release|Any CPU.ActiveCfg = Release|Any CPU
		{AFEACAA5-B5A8-4663-B195-6D2125E0DFDF}.Release|Any CPU.Build.0 = Release|Any CPU
	EndGlobalSection
	GlobalSection(SolutionProperties) = preSolution
		HideSolutionNode = FALSE
	EndGlobalSection
	GlobalSection(ExtensibilityGlobals) = postSolution
		SolutionGuid = {AFCB84F4-D173-4EF0-86F0-76571B272ED7}
	EndGlobalSection
EndGlobal
