
Microsoft Visual Studio Solution File, Format Version 12.00
# Visual Studio Version 17
VisualStudioVersion = 17.10.35013.160
MinimumVisualStudioVersion = 10.0.40219.1
Project("{FAE04EC0-301F-11D3-BF4B-00C04F79EFBC}") = "PrjCLIENTE_FINAL_HERRAMIENTAS", "PrjCLIENTE_FINAL_HERRAMIENTAS\PrjCLIENTE_FINAL_HERRAMIENTAS.csproj", "{FF0E1991-ECB7-4EC3-B9F0-0E217B2D4FA6}"
EndProject
Global
	GlobalSection(SolutionConfigurationPlatforms) = preSolution
		Debug|Any CPU = Debug|Any CPU
		Release|Any CPU = Release|Any CPU
	EndGlobalSection
	GlobalSection(ProjectConfigurationPlatforms) = postSolution
		{FF0E1991-ECB7-4EC3-B9F0-0E217B2D4FA6}.Debug|Any CPU.ActiveCfg = Debug|Any CPU
		{FF0E1991-ECB7-4EC3-B9F0-0E217B2D4FA6}.Debug|Any CPU.Build.0 = Debug|Any CPU
		{FF0E1991-ECB7-4EC3-B9F0-0E217B2D4FA6}.Release|Any CPU.ActiveCfg = Release|Any CPU
		{FF0E1991-ECB7-4EC3-B9F0-0E217B2D4FA6}.Release|Any CPU.Build.0 = Release|Any CPU
	EndGlobalSection
	GlobalSection(SolutionProperties) = preSolution
		HideSolutionNode = FALSE
	EndGlobalSection
	GlobalSection(ExtensibilityGlobals) = postSolution
		SolutionGuid = {5CEAFF8C-5E1E-4860-80B9-471F9DAE8F70}
	EndGlobalSection
EndGlobal
